
Microsoft Visual Studio Solution File, Format Version 12.00
# Visual Studio Version 17
VisualStudioVersion = 17.5.33424.131
MinimumVisualStudioVersion = 10.0.40219.1
Project("{FAE04EC0-301F-11D3-BF4B-00C04F79EFBC}") = "ProductApi", "ProductApi\ProductApi.csproj", "{FA60F50B-C41E-4A21-8CAC-88A07CAC856B}"
EndProject
Global
	GlobalSection(SolutionConfigurationPlatforms) = preSolution
		Debug|Any CPU = Debug|Any CPU
		Release|Any CPU = Release|Any CPU
	EndGlobalSection
	GlobalSection(ProjectConfigurationPlatforms) = postSolution
		{FA60F50B-C41E-4A21-8CAC-88A07CAC856B}.Debug|Any CPU.ActiveCfg = Debug|Any CPU
		{FA60F50B-C41E-4A21-8CAC-88A07CAC856B}.Debug|Any CPU.Build.0 = Debug|Any CPU
		{FA60F50B-C41E-4A21-8CAC-88A07CAC856B}.Release|Any CPU.ActiveCfg = Release|Any CPU
		{FA60F50B-C41E-4A21-8CAC-88A07CAC856B}.Release|Any CPU.Build.0 = Release|Any CPU
	EndGlobalSection
	GlobalSection(SolutionProperties) = preSolution
		HideSolutionNode = FALSE
	EndGlobalSection
	GlobalSection(ExtensibilityGlobals) = postSolution
		SolutionGuid = {CF3AE253-10CD-49CA-A763-0DB9AEDE5D6B}
	EndGlobalSection
EndGlobal
